
Microsoft Visual Studio Solution File, Format Version 12.00
# Visual Studio 15
VisualStudioVersion = 15.0.28307.136
MinimumVisualStudioVersion = 10.0.40219.1
Project("{FAE04EC0-301F-11D3-BF4B-00C04F79EFBC}") = "AsyncResourcePool", "src\AsyncResourcePool.csproj", "{20CF7789-6257-46FC-ADFC-57BA1173893E}"
EndProject
Project("{2150E333-8FDC-42A3-9474-1A3956D46DE8}") = "src", "src", "{9C67B850-9A13-11E9-A4C6-C3A1DEC27FA0}"
EndProject
Project("{2150E333-8FDC-42A3-9474-1A3956D46DE8}") = "tests", "tests", "{B05C5CD0-9A13-11E9-A4C6-C3A1DEC27FA0}"
EndProject
Project("{FAE04EC0-301F-11D3-BF4B-00C04F79EFBC}") = "AsyncResourcePool.Tests", "tests\AsyncResourcePool.Tests.csproj", "{BABC186F-9A89-4C95-AD57-D7B912990BBB}"
EndProject
Global
	GlobalSection(SolutionConfigurationPlatforms) = preSolution
		Debug|Any CPU = Debug|Any CPU
		Release|Any CPU = Release|Any CPU
	EndGlobalSection
	GlobalSection(ProjectConfigurationPlatforms) = postSolution
		{20CF7789-6257-46FC-ADFC-57BA1173893E}.Debug|Any CPU.ActiveCfg = Debug|Any CPU
		{20CF7789-6257-46FC-ADFC-57BA1173893E}.Debug|Any CPU.Build.0 = Debug|Any CPU
		{20CF7789-6257-46FC-ADFC-57BA1173893E}.Release|Any CPU.ActiveCfg = Release|Any CPU
		{20CF7789-6257-46FC-ADFC-57BA1173893E}.Release|Any CPU.Build.0 = Release|Any CPU
		{BABC186F-9A89-4C95-AD57-D7B912990BBB}.Debug|Any CPU.ActiveCfg = Debug|Any CPU
		{BABC186F-9A89-4C95-AD57-D7B912990BBB}.Debug|Any CPU.Build.0 = Debug|Any CPU
		{BABC186F-9A89-4C95-AD57-D7B912990BBB}.Release|Any CPU.ActiveCfg = Release|Any CPU
		{BABC186F-9A89-4C95-AD57-D7B912990BBB}.Release|Any CPU.Build.0 = Release|Any CPU
	EndGlobalSection
	GlobalSection(SolutionProperties) = preSolution
		HideSolutionNode = FALSE
	EndGlobalSection
	GlobalSection(ExtensibilityGlobals) = postSolution
		SolutionGuid = {6F2AB7E1-544A-46EE-AA87-89736A32CE94}
	EndGlobalSection
	GlobalSection(NestedProjects) = preSolution
		{BABC186F-9A89-4C95-AD57-D7B912990BBB} = {B05C5CD0-9A13-11E9-A4C6-C3A1DEC27FA0}
		{20CF7789-6257-46FC-ADFC-57BA1173893E} = {9C67B850-9A13-11E9-A4C6-C3A1DEC27FA0}
	EndGlobalSection
EndGlobal
